// !$*UTF8*$!
{
	archiveVersion = 1;
	classes = {
	};
	objectVersion = 50;
	objects = {

/* Begin PBXBuildFile section */
		BC6E6E0D25EE07BF00A7E963 /* main.swift in Sources */ = {isa = PBXBuildFile; fileRef = BC6E6E0C25EE07BF00A7E963 /* main.swift */; };
		BC6E6E1525EE07FA00A7E963 /* 2557.swift in Sources */ = {isa = PBXBuildFile; fileRef = BC6E6E1425EE07FA00A7E963 /* 2557.swift */; };
		BC6E6E1825EE086C00A7E963 /* 10718.swift in Sources */ = {isa = PBXBuildFile; fileRef = BC6E6E1725EE086C00A7E963 /* 10718.swift */; };
		BC6E6E1B25EE08D600A7E963 /* 10171.swift in Sources */ = {isa = PBXBuildFile; fileRef = BC6E6E1A25EE08D600A7E963 /* 10171.swift */; };
		BC6E6E1E25EE0B3900A7E963 /* 10172.swift in Sources */ = {isa = PBXBuildFile; fileRef = BC6E6E1D25EE0B3900A7E963 /* 10172.swift */; };
		BC6E6E2125EE0C1700A7E963 /* 1000.swift in Sources */ = {isa = PBXBuildFile; fileRef = BC6E6E2025EE0C1700A7E963 /* 1000.swift */; };
		BC6E6E2425EE0E5800A7E963 /* 1001.swift in Sources */ = {isa = PBXBuildFile; fileRef = BC6E6E2325EE0E5800A7E963 /* 1001.swift */; };
		BC6E6E2725EE0EBC00A7E963 /* 10998.swift in Sources */ = {isa = PBXBuildFile; fileRef = BC6E6E2625EE0EBC00A7E963 /* 10998.swift */; };
		BC6E6E2A25EE0F5A00A7E963 /* 1008.swift in Sources */ = {isa = PBXBuildFile; fileRef = BC6E6E2925EE0F5A00A7E963 /* 1008.swift */; };
		BC6E6E2D25EE0FE200A7E963 /* 10869.swift in Sources */ = {isa = PBXBuildFile; fileRef = BC6E6E2C25EE0FE200A7E963 /* 10869.swift */; };
		BC6E6E3025EE10DA00A7E963 /* 10430.swift in Sources */ = {isa = PBXBuildFile; fileRef = BC6E6E2F25EE10DA00A7E963 /* 10430.swift */; };
		BC6E6E3325EE11F600A7E963 /* 2558.swift in Sources */ = {isa = PBXBuildFile; fileRef = BC6E6E3225EE11F600A7E963 /* 2558.swift */; };
		BCF0FE2F25F0F5FF008B93AB /* 1330.swift in Sources */ = {isa = PBXBuildFile; fileRef = BCF0FE2E25F0F5FF008B93AB /* 1330.swift */; };
		BCF0FE3225F1002D008B93AB /* 9498.swift in Sources */ = {isa = PBXBuildFile; fileRef = BCF0FE3125F1002D008B93AB /* 9498.swift */; };
		BCF0FE3525F1016B008B93AB /* 2753.swift in Sources */ = {isa = PBXBuildFile; fileRef = BCF0FE3425F1016B008B93AB /* 2753.swift */; };
		BCF0FE3825F10363008B93AB /* 14681.swift in Sources */ = {isa = PBXBuildFile; fileRef = BCF0FE3725F10363008B93AB /* 14681.swift */; };
		BCF0FE3D25F106A3008B93AB /* 2884.swift in Sources */ = {isa = PBXBuildFile; fileRef = BCF0FE3C25F106A2008B93AB /* 2884.swift */; };
/* End PBXBuildFile section */

/* Begin PBXCopyFilesBuildPhase section */
		BC6E6E0725EE07BF00A7E963 /* CopyFiles */ = {
			isa = PBXCopyFilesBuildPhase;
			buildActionMask = 2147483647;
			dstPath = /usr/share/man/man1/;
			dstSubfolderSpec = 0;
			files = (
			);
			runOnlyForDeploymentPostprocessing = 1;
		};
/* End PBXCopyFilesBuildPhase section */

/* Begin PBXFileReference section */
		BC6E6E0925EE07BF00A7E963 /* BaekJoon */ = {isa = PBXFileReference; explicitFileType = "compiled.mach-o.executable"; includeInIndex = 0; path = BaekJoon; sourceTree = BUILT_PRODUCTS_DIR; };
		BC6E6E0C25EE07BF00A7E963 /* main.swift */ = {isa = PBXFileReference; lastKnownFileType = sourcecode.swift; path = main.swift; sourceTree = "<group>"; };
		BC6E6E1425EE07FA00A7E963 /* 2557.swift */ = {isa = PBXFileReference; lastKnownFileType = sourcecode.swift; path = 2557.swift; sourceTree = "<group>"; };
		BC6E6E1725EE086C00A7E963 /* 10718.swift */ = {isa = PBXFileReference; lastKnownFileType = sourcecode.swift; path = 10718.swift; sourceTree = "<group>"; };
		BC6E6E1A25EE08D600A7E963 /* 10171.swift */ = {isa = PBXFileReference; lastKnownFileType = sourcecode.swift; path = 10171.swift; sourceTree = "<group>"; };
		BC6E6E1D25EE0B3900A7E963 /* 10172.swift */ = {isa = PBXFileReference; lastKnownFileType = sourcecode.swift; path = 10172.swift; sourceTree = "<group>"; };
		BC6E6E2025EE0C1700A7E963 /* 1000.swift */ = {isa = PBXFileReference; lastKnownFileType = sourcecode.swift; path = 1000.swift; sourceTree = "<group>"; };
		BC6E6E2325EE0E5800A7E963 /* 1001.swift */ = {isa = PBXFileReference; lastKnownFileType = sourcecode.swift; path = 1001.swift; sourceTree = "<group>"; };
		BC6E6E2625EE0EBC00A7E963 /* 10998.swift */ = {isa = PBXFileReference; lastKnownFileType = sourcecode.swift; path = 10998.swift; sourceTree = "<group>"; };
		BC6E6E2925EE0F5A00A7E963 /* 1008.swift */ = {isa = PBXFileReference; lastKnownFileType = sourcecode.swift; path = 1008.swift; sourceTree = "<group>"; };
		BC6E6E2C25EE0FE200A7E963 /* 10869.swift */ = {isa = PBXFileReference; lastKnownFileType = sourcecode.swift; path = 10869.swift; sourceTree = "<group>"; };
		BC6E6E2F25EE10DA00A7E963 /* 10430.swift */ = {isa = PBXFileReference; lastKnownFileType = sourcecode.swift; path = 10430.swift; sourceTree = "<group>"; };
		BC6E6E3225EE11F600A7E963 /* 2558.swift */ = {isa = PBXFileReference; lastKnownFileType = sourcecode.swift; path = 2558.swift; sourceTree = "<group>"; };
		BCF0FE2E25F0F5FF008B93AB /* 1330.swift */ = {isa = PBXFileReference; lastKnownFileType = sourcecode.swift; path = 1330.swift; sourceTree = "<group>"; };
		BCF0FE3125F1002D008B93AB /* 9498.swift */ = {isa = PBXFileReference; lastKnownFileType = sourcecode.swift; path = 9498.swift; sourceTree = "<group>"; };
		BCF0FE3425F1016B008B93AB /* 2753.swift */ = {isa = PBXFileReference; lastKnownFileType = sourcecode.swift; path = 2753.swift; sourceTree = "<group>"; };
		BCF0FE3725F10363008B93AB /* 14681.swift */ = {isa = PBXFileReference; lastKnownFileType = sourcecode.swift; path = 14681.swift; sourceTree = "<group>"; };
		BCF0FE3C25F106A2008B93AB /* 2884.swift */ = {isa = PBXFileReference; lastKnownFileType = sourcecode.swift; path = 2884.swift; sourceTree = "<group>"; };
/* End PBXFileReference section */

/* Begin PBXFrameworksBuildPhase section */
		BC6E6E0625EE07BF00A7E963 /* Frameworks */ = {
			isa = PBXFrameworksBuildPhase;
			buildActionMask = 2147483647;
			files = (
			);
			runOnlyForDeploymentPostprocessing = 0;
		};
/* End PBXFrameworksBuildPhase section */

/* Begin PBXGroup section */
		BC6E6E0025EE07BF00A7E963 = {
			isa = PBXGroup;
			children = (
				BC6E6E0B25EE07BF00A7E963 /* BaekJoon */,
				BC6E6E0A25EE07BF00A7E963 /* Products */,
			);
			sourceTree = "<group>";
		};
		BC6E6E0A25EE07BF00A7E963 /* Products */ = {
			isa = PBXGroup;
			children = (
				BC6E6E0925EE07BF00A7E963 /* BaekJoon */,
			);
			name = Products;
			sourceTree = "<group>";
		};
		BC6E6E0B25EE07BF00A7E963 /* BaekJoon */ = {
			isa = PBXGroup;
			children = (
				BC6E6E0C25EE07BF00A7E963 /* main.swift */,
				BCF0FE3F25F112BC008B93AB /* 210304 */,
				BCF0FE3A25F10383008B93AB /* 210302 */,
			);
			path = BaekJoon;
			sourceTree = "<group>";
		};
		BCF0FE3A25F10383008B93AB /* 210302 */ = {
			isa = PBXGroup;
			children = (
				BC6E6E1725EE086C00A7E963 /* 10718.swift */,
				BC6E6E1A25EE08D600A7E963 /* 10171.swift */,
				BC6E6E1D25EE0B3900A7E963 /* 10172.swift */,
				BC6E6E2025EE0C1700A7E963 /* 1000.swift */,
				BC6E6E2325EE0E5800A7E963 /* 1001.swift */,
				BC6E6E2625EE0EBC00A7E963 /* 10998.swift */,
				BC6E6E2925EE0F5A00A7E963 /* 1008.swift */,
				BC6E6E2C25EE0FE200A7E963 /* 10869.swift */,
				BC6E6E2F25EE10DA00A7E963 /* 10430.swift */,
				BC6E6E3225EE11F600A7E963 /* 2558.swift */,
				BC6E6E1425EE07FA00A7E963 /* 2557.swift */,
			);
			path = 210302;
			sourceTree = "<group>";
		};
		BCF0FE3F25F112BC008B93AB /* 210304 */ = {
			isa = PBXGroup;
			children = (
				BCF0FE2E25F0F5FF008B93AB /* 1330.swift */,
				BCF0FE3125F1002D008B93AB /* 9498.swift */,
				BCF0FE3425F1016B008B93AB /* 2753.swift */,
				BCF0FE3725F10363008B93AB /* 14681.swift */,
				BCF0FE3C25F106A2008B93AB /* 2884.swift */,
			);
			path = 210304;
			sourceTree = "<group>";
		};
/* End PBXGroup section */

/* Begin PBXNativeTarget section */
		BC6E6E0825EE07BF00A7E963 /* BaekJoon */ = {
			isa = PBXNativeTarget;
			buildConfigurationList = BC6E6E1025EE07BF00A7E963 /* Build configuration list for PBXNativeTarget "BaekJoon" */;
			buildPhases = (
				BC6E6E0525EE07BF00A7E963 /* Sources */,
				BC6E6E0625EE07BF00A7E963 /* Frameworks */,
				BC6E6E0725EE07BF00A7E963 /* CopyFiles */,
			);
			buildRules = (
			);
			dependencies = (
			);
			name = BaekJoon;
			productName = BaekJoon;
			productReference = BC6E6E0925EE07BF00A7E963 /* BaekJoon */;
			productType = "com.apple.product-type.tool";
		};
/* End PBXNativeTarget section */

/* Begin PBXProject section */
		BC6E6E0125EE07BF00A7E963 /* Project object */ = {
			isa = PBXProject;
			attributes = {
				LastSwiftUpdateCheck = 1240;
				LastUpgradeCheck = 1240;
				TargetAttributes = {
					BC6E6E0825EE07BF00A7E963 = {
						CreatedOnToolsVersion = 12.4;
					};
				};
			};
			buildConfigurationList = BC6E6E0425EE07BF00A7E963 /* Build configuration list for PBXProject "BaekJoon" */;
			compatibilityVersion = "Xcode 9.3";
			developmentRegion = en;
			hasScannedForEncodings = 0;
			knownRegions = (
				en,
				Base,
			);
			mainGroup = BC6E6E0025EE07BF00A7E963;
			productRefGroup = BC6E6E0A25EE07BF00A7E963 /* Products */;
			projectDirPath = "";
			projectRoot = "";
			targets = (
				BC6E6E0825EE07BF00A7E963 /* BaekJoon */,
			);
		};
/* End PBXProject section */

/* Begin PBXSourcesBuildPhase section */
		BC6E6E0525EE07BF00A7E963 /* Sources */ = {
			isa = PBXSourcesBuildPhase;
			buildActionMask = 2147483647;
			files = (
				BC6E6E1B25EE08D600A7E963 /* 10171.swift in Sources */,
				BCF0FE3D25F106A3008B93AB /* 2884.swift in Sources */,
				BC6E6E3325EE11F600A7E963 /* 2558.swift in Sources */,
				BCF0FE2F25F0F5FF008B93AB /* 1330.swift in Sources */,
				BCF0FE3225F1002D008B93AB /* 9498.swift in Sources */,
				BC6E6E2725EE0EBC00A7E963 /* 10998.swift in Sources */,
				BC6E6E2D25EE0FE200A7E963 /* 10869.swift in Sources */,
				BC6E6E1825EE086C00A7E963 /* 10718.swift in Sources */,
				BCF0FE3525F1016B008B93AB /* 2753.swift in Sources */,
				BC6E6E2425EE0E5800A7E963 /* 1001.swift in Sources */,
				BC6E6E3025EE10DA00A7E963 /* 10430.swift in Sources */,
				BCF0FE3825F10363008B93AB /* 14681.swift in Sources */,
				BC6E6E2125EE0C1700A7E963 /* 1000.swift in Sources */,
				BC6E6E1525EE07FA00A7E963 /* 2557.swift in Sources */,
				BC6E6E0D25EE07BF00A7E963 /* main.swift in Sources */,
				BC6E6E1E25EE0B3900A7E963 /* 10172.swift in Sources */,
				BC6E6E2A25EE0F5A00A7E963 /* 1008.swift in Sources */,
			);
			runOnlyForDeploymentPostprocessing = 0;
		};
/* End PBXSourcesBuildPhase section */

/* Begin XCBuildConfiguration section */
		BC6E6E0E25EE07BF00A7E963 /* Debug */ = {
			isa = XCBuildConfiguration;
			buildSettings = {
				ALWAYS_SEARCH_USER_PATHS = NO;
				CLANG_ANALYZER_NONNULL = YES;
				CLANG_ANALYZER_NUMBER_OBJECT_CONVERSION = YES_AGGRESSIVE;
				CLANG_CXX_LANGUAGE_STANDARD = "gnu++14";
				CLANG_CXX_LIBRARY = "libc++";
				CLANG_ENABLE_MODULES = YES;
				CLANG_ENABLE_OBJC_ARC = YES;
				CLANG_ENABLE_OBJC_WEAK = YES;
				CLANG_WARN_BLOCK_CAPTURE_AUTORELEASING = YES;
				CLANG_WARN_BOOL_CONVERSION = YES;
				CLANG_WARN_COMMA = YES;
				CLANG_WARN_CONSTANT_CONVERSION = YES;
				CLANG_WARN_DEPRECATED_OBJC_IMPLEMENTATIONS = YES;
				CLANG_WARN_DIRECT_OBJC_ISA_USAGE = YES_ERROR;
				CLANG_WARN_DOCUMENTATION_COMMENTS = YES;
				CLANG_WARN_EMPTY_BODY = YES;
				CLANG_WARN_ENUM_CONVERSION = YES;
				CLANG_WARN_INFINITE_RECURSION = YES;
				CLANG_WARN_INT_CONVERSION = YES;
				CLANG_WARN_NON_LITERAL_NULL_CONVERSION = YES;
				CLANG_WARN_OBJC_IMPLICIT_RETAIN_SELF = YES;
				CLANG_WARN_OBJC_LITERAL_CONVERSION = YES;
				CLANG_WARN_OBJC_ROOT_CLASS = YES_ERROR;
				CLANG_WARN_QUOTED_INCLUDE_IN_FRAMEWORK_HEADER = YES;
				CLANG_WARN_RANGE_LOOP_ANALYSIS = YES;
				CLANG_WARN_STRICT_PROTOTYPES = YES;
				CLANG_WARN_SUSPICIOUS_MOVE = YES;
				CLANG_WARN_UNGUARDED_AVAILABILITY = YES_AGGRESSIVE;
				CLANG_WARN_UNREACHABLE_CODE = YES;
				CLANG_WARN__DUPLICATE_METHOD_MATCH = YES;
				COPY_PHASE_STRIP = NO;
				DEBUG_INFORMATION_FORMAT = dwarf;
				ENABLE_STRICT_OBJC_MSGSEND = YES;
				ENABLE_TESTABILITY = YES;
				GCC_C_LANGUAGE_STANDARD = gnu11;
				GCC_DYNAMIC_NO_PIC = NO;
				GCC_NO_COMMON_BLOCKS = YES;
				GCC_OPTIMIZATION_LEVEL = 0;
				GCC_PREPROCESSOR_DEFINITIONS = (
					"DEBUG=1",
					"$(inherited)",
				);
				GCC_WARN_64_TO_32_BIT_CONVERSION = YES;
				GCC_WARN_ABOUT_RETURN_TYPE = YES_ERROR;
				GCC_WARN_UNDECLARED_SELECTOR = YES;
				GCC_WARN_UNINITIALIZED_AUTOS = YES_AGGRESSIVE;
				GCC_WARN_UNUSED_FUNCTION = YES;
				GCC_WARN_UNUSED_VARIABLE = YES;
				MACOSX_DEPLOYMENT_TARGET = 11.1;
				MTL_ENABLE_DEBUG_INFO = INCLUDE_SOURCE;
				MTL_FAST_MATH = YES;
				ONLY_ACTIVE_ARCH = YES;
				SDKROOT = macosx;
				SWIFT_ACTIVE_COMPILATION_CONDITIONS = DEBUG;
				SWIFT_OPTIMIZATION_LEVEL = "-Onone";
			};
			name = Debug;
		};
		BC6E6E0F25EE07BF00A7E963 /* Release */ = {
			isa = XCBuildConfiguration;
			buildSettings = {
				ALWAYS_SEARCH_USER_PATHS = NO;
				CLANG_ANALYZER_NONNULL = YES;
				CLANG_ANALYZER_NUMBER_OBJECT_CONVERSION = YES_AGGRESSIVE;
				CLANG_CXX_LANGUAGE_STANDARD = "gnu++14";
				CLANG_CXX_LIBRARY = "libc++";
				CLANG_ENABLE_MODULES = YES;
				CLANG_ENABLE_OBJC_ARC = YES;
				CLANG_ENABLE_OBJC_WEAK = YES;
				CLANG_WARN_BLOCK_CAPTURE_AUTORELEASING = YES;
				CLANG_WARN_BOOL_CONVERSION = YES;
				CLANG_WARN_COMMA = YES;
				CLANG_WARN_CONSTANT_CONVERSION = YES;
				CLANG_WARN_DEPRECATED_OBJC_IMPLEMENTATIONS = YES;
				CLANG_WARN_DIRECT_OBJC_ISA_USAGE = YES_ERROR;
				CLANG_WARN_DOCUMENTATION_COMMENTS = YES;
				CLANG_WARN_EMPTY_BODY = YES;
				CLANG_WARN_ENUM_CONVERSION = YES;
				CLANG_WARN_INFINITE_RECURSION = YES;
				CLANG_WARN_INT_CONVERSION = YES;
				CLANG_WARN_NON_LITERAL_NULL_CONVERSION = YES;
				CLANG_WARN_OBJC_IMPLICIT_RETAIN_SELF = YES;
				CLANG_WARN_OBJC_LITERAL_CONVERSION = YES;
				CLANG_WARN_OBJC_ROOT_CLASS = YES_ERROR;
				CLANG_WARN_QUOTED_INCLUDE_IN_FRAMEWORK_HEADER = YES;
				CLANG_WARN_RANGE_LOOP_ANALYSIS = YES;
				CLANG_WARN_STRICT_PROTOTYPES = YES;
				CLANG_WARN_SUSPICIOUS_MOVE = YES;
				CLANG_WARN_UNGUARDED_AVAILABILITY = YES_AGGRESSIVE;
				CLANG_WARN_UNREACHABLE_CODE = YES;
				CLANG_WARN__DUPLICATE_METHOD_MATCH = YES;
				COPY_PHASE_STRIP = NO;
				DEBUG_INFORMATION_FORMAT = "dwarf-with-dsym";
				ENABLE_NS_ASSERTIONS = NO;
				ENABLE_STRICT_OBJC_MSGSEND = YES;
				GCC_C_LANGUAGE_STANDARD = gnu11;
				GCC_NO_COMMON_BLOCKS = YES;
				GCC_WARN_64_TO_32_BIT_CONVERSION = YES;
				GCC_WARN_ABOUT_RETURN_TYPE = YES_ERROR;
				GCC_WARN_UNDECLARED_SELECTOR = YES;
				GCC_WARN_UNINITIALIZED_AUTOS = YES_AGGRESSIVE;
				GCC_WARN_UNUSED_FUNCTION = YES;
				GCC_WARN_UNUSED_VARIABLE = YES;
				MACOSX_DEPLOYMENT_TARGET = 11.1;
				MTL_ENABLE_DEBUG_INFO = NO;
				MTL_FAST_MATH = YES;
				SDKROOT = macosx;
				SWIFT_COMPILATION_MODE = wholemodule;
				SWIFT_OPTIMIZATION_LEVEL = "-O";
			};
			name = Release;
		};
		BC6E6E1125EE07BF00A7E963 /* Debug */ = {
			isa = XCBuildConfiguration;
			buildSettings = {
				CODE_SIGN_STYLE = Automatic;
				DEVELOPMENT_TEAM = UL264WB4Z5;
				ENABLE_HARDENED_RUNTIME = YES;
				PRODUCT_NAME = "$(TARGET_NAME)";
				SWIFT_VERSION = 5.0;
			};
			name = Debug;
		};
		BC6E6E1225EE07BF00A7E963 /* Release */ = {
			isa = XCBuildConfiguration;
			buildSettings = {
				CODE_SIGN_STYLE = Automatic;
				DEVELOPMENT_TEAM = UL264WB4Z5;
				ENABLE_HARDENED_RUNTIME = YES;
				PRODUCT_NAME = "$(TARGET_NAME)";
				SWIFT_VERSION = 5.0;
			};
			name = Release;
		};
/* End XCBuildConfiguration section */

/* Begin XCConfigurationList section */
		BC6E6E0425EE07BF00A7E963 /* Build configuration list for PBXProject "BaekJoon" */ = {
			isa = XCConfigurationList;
			buildConfigurations = (
				BC6E6E0E25EE07BF00A7E963 /* Debug */,
				BC6E6E0F25EE07BF00A7E963 /* Release */,
			);
			defaultConfigurationIsVisible = 0;
			defaultConfigurationName = Release;
		};
		BC6E6E1025EE07BF00A7E963 /* Build configuration list for PBXNativeTarget "BaekJoon" */ = {
			isa = XCConfigurationList;
			buildConfigurations = (
				BC6E6E1125EE07BF00A7E963 /* Debug */,
				BC6E6E1225EE07BF00A7E963 /* Release */,
			);
			defaultConfigurationIsVisible = 0;
			defaultConfigurationName = Release;
		};
/* End XCConfigurationList section */
	};
	rootObject = BC6E6E0125EE07BF00A7E963 /* Project object */;
}
